
Microsoft Visual Studio Solution File, Format Version 12.00
# Visual Studio Version 16
VisualStudioVersion = 16.0.30621.155
MinimumVisualStudioVersion = 10.0.40219.1
Project("{FAE04EC0-301F-11D3-BF4B-00C04F79EFBC}") = "GeniyIdiotConsoleApp", "GeniyIdiotConsoleApp\GeniyIdiotConsoleApp.csproj", "{C5E135F3-061A-4FCE-B5E7-877141A719D5}"
EndProject
Project("{FAE04EC0-301F-11D3-BF4B-00C04F79EFBC}") = "GeniyIdiotWindowsFormsApp", "GeniyIdiotWindowsFormsApp\GeniyIdiotWindowsFormsApp.csproj", "{545FBBBF-F679-40CC-8113-4886412D9FEC}"
EndProject
Project("{FAE04EC0-301F-11D3-BF4B-00C04F79EFBC}") = "GeniyIdiotClassLibrary", "GeniyIdiotClassLibrary\GeniyIdiotClassLibrary.csproj", "{4C843605-BD26-425B-906A-1AF3F8BD4100}"
EndProject
Global
	GlobalSection(SolutionConfigurationPlatforms) = preSolution
		Debug|Any CPU = Debug|Any CPU
		Release|Any CPU = Release|Any CPU
	EndGlobalSection
	GlobalSection(ProjectConfigurationPlatforms) = postSolution
		{C5E135F3-061A-4FCE-B5E7-877141A719D5}.Debug|Any CPU.ActiveCfg = Debug|Any CPU
		{C5E135F3-061A-4FCE-B5E7-877141A719D5}.Debug|Any CPU.Build.0 = Debug|Any CPU
		{C5E135F3-061A-4FCE-B5E7-877141A719D5}.Release|Any CPU.ActiveCfg = Release|Any CPU
		{C5E135F3-061A-4FCE-B5E7-877141A719D5}.Release|Any CPU.Build.0 = Release|Any CPU
		{545FBBBF-F679-40CC-8113-4886412D9FEC}.Debug|Any CPU.ActiveCfg = Debug|Any CPU
		{545FBBBF-F679-40CC-8113-4886412D9FEC}.Debug|Any CPU.Build.0 = Debug|Any CPU
		{545FBBBF-F679-40CC-8113-4886412D9FEC}.Release|Any CPU.ActiveCfg = Release|Any CPU
		{545FBBBF-F679-40CC-8113-4886412D9FEC}.Release|Any CPU.Build.0 = Release|Any CPU
		{4C843605-BD26-425B-906A-1AF3F8BD4100}.Debug|Any CPU.ActiveCfg = Debug|Any CPU
		{4C843605-BD26-425B-906A-1AF3F8BD4100}.Debug|Any CPU.Build.0 = Debug|Any CPU
		{4C843605-BD26-425B-906A-1AF3F8BD4100}.Release|Any CPU.ActiveCfg = Release|Any CPU
		{4C843605-BD26-425B-906A-1AF3F8BD4100}.Release|Any CPU.Build.0 = Release|Any CPU
	EndGlobalSection
	GlobalSection(SolutionProperties) = preSolution
		HideSolutionNode = FALSE
	EndGlobalSection
	GlobalSection(ExtensibilityGlobals) = postSolution
		SolutionGuid = {1474E601-751F-4B7C-871C-078CC13FEFE9}
	EndGlobalSection
EndGlobal
